
Microsoft Visual Studio Solution File, Format Version 12.00
# Visual Studio Version 17
VisualStudioVersion = 17.7.34202.233
MinimumVisualStudioVersion = 10.0.40219.1
Project("{FAE04EC0-301F-11D3-BF4B-00C04F79EFBC}") = "InvoiceTest", "InvoiceTest\InvoiceTest.csproj", "{0F2944EC-0AD2-495E-99BA-8165DB7F8363}"
EndProject
Global
	GlobalSection(SolutionConfigurationPlatforms) = preSolution
		Debug|Any CPU = Debug|Any CPU
		Release|Any CPU = Release|Any CPU
	EndGlobalSection
	GlobalSection(ProjectConfigurationPlatforms) = postSolution
		{0F2944EC-0AD2-495E-99BA-8165DB7F8363}.Debug|Any CPU.ActiveCfg = Debug|Any CPU
		{0F2944EC-0AD2-495E-99BA-8165DB7F8363}.Debug|Any CPU.Build.0 = Debug|Any CPU
		{0F2944EC-0AD2-495E-99BA-8165DB7F8363}.Release|Any CPU.ActiveCfg = Release|Any CPU
		{0F2944EC-0AD2-495E-99BA-8165DB7F8363}.Release|Any CPU.Build.0 = Release|Any CPU
	EndGlobalSection
	GlobalSection(SolutionProperties) = preSolution
		HideSolutionNode = FALSE
	EndGlobalSection
	GlobalSection(ExtensibilityGlobals) = postSolution
		SolutionGuid = {198B8014-09A7-4223-854C-38BA327093B7}
	EndGlobalSection
EndGlobal
